
Microsoft Visual Studio Solution File, Format Version 12.00
# Visual Studio Version 17
VisualStudioVersion = 17.4.33122.133
MinimumVisualStudioVersion = 10.0.40219.1
Project("{9B19103F-16F7-4668-BE54-9A1E7A4F7556}") = "BuildLock", "BuildLock.csproj", "{EB59FF20-61F7-4E23-9610-66376AC7CC51}"
EndProject
Global
	GlobalSection(SolutionConfigurationPlatforms) = preSolution
		Debug|Any CPU = Debug|Any CPU
		Release|Any CPU = Release|Any CPU
	EndGlobalSection
	GlobalSection(ProjectConfigurationPlatforms) = postSolution
		{EB59FF20-61F7-4E23-9610-66376AC7CC51}.Debug|Any CPU.ActiveCfg = Debug|Any CPU
		{EB59FF20-61F7-4E23-9610-66376AC7CC51}.Debug|Any CPU.Build.0 = Debug|Any CPU
		{EB59FF20-61F7-4E23-9610-66376AC7CC51}.Release|Any CPU.ActiveCfg = Release|Any CPU
		{EB59FF20-61F7-4E23-9610-66376AC7CC51}.Release|Any CPU.Build.0 = Release|Any CPU
	EndGlobalSection
	GlobalSection(SolutionProperties) = preSolution
		HideSolutionNode = FALSE
	EndGlobalSection
	GlobalSection(ExtensibilityGlobals) = postSolution
		SolutionGuid = {E1A4DBC8-11B4-4CFD-A7DD-EA461AB3DFA2}
	EndGlobalSection
EndGlobal
